
Microsoft Visual Studio Solution File, Format Version 12.00
# Visual Studio Version 16
VisualStudioVersion = 16.0.30011.22
MinimumVisualStudioVersion = 10.0.40219.1
Project("{FAE04EC0-301F-11D3-BF4B-00C04F79EFBC}") = "ButtonClickSepratePannel", "ButtonClickSepratePannel\ButtonClickSepratePannel.csproj", "{A8136630-3D16-45EC-9375-C12A1FE01511}"
EndProject
Global
	GlobalSection(SolutionConfigurationPlatforms) = preSolution
		Debug|Any CPU = Debug|Any CPU
		Release|Any CPU = Release|Any CPU
	EndGlobalSection
	GlobalSection(ProjectConfigurationPlatforms) = postSolution
		{A8136630-3D16-45EC-9375-C12A1FE01511}.Debug|Any CPU.ActiveCfg = Debug|Any CPU
		{A8136630-3D16-45EC-9375-C12A1FE01511}.Debug|Any CPU.Build.0 = Debug|Any CPU
		{A8136630-3D16-45EC-9375-C12A1FE01511}.Release|Any CPU.ActiveCfg = Release|Any CPU
		{A8136630-3D16-45EC-9375-C12A1FE01511}.Release|Any CPU.Build.0 = Release|Any CPU
	EndGlobalSection
	GlobalSection(SolutionProperties) = preSolution
		HideSolutionNode = FALSE
	EndGlobalSection
	GlobalSection(ExtensibilityGlobals) = postSolution
		SolutionGuid = {7B366D8E-FE91-4C57-AC45-CAAD494C0341}
	EndGlobalSection
EndGlobal
